Microsoft Visual Studio Solution File, Format Version 12.00
# Visual Studio 15
VisualStudioVersion = 15.0.27130.2027
MinimumVisualStudioVersion = 10.0.40219.1
Project("{D954291E-2A0B-460D-934E-DC6B0785DB48}") = "ThoughtsAndPrayersThree", "ThoughtsAndPrayersThree\ThoughtsAndPrayersThree.shproj", "{E5F15A26-C1F5-4E22-94E3-7484D84DA71F}"
EndProject
Project("{FAE04EC0-301F-11D3-BF4B-00C04F79EFBC}") = "ThoughtsAndPrayersThree.iOS", "iOS\ThoughtsAndPrayersThree.iOS.csproj", "{71C427FF-24AD-4770-BBDD-31D7A71C1534}"
EndProject
Project("{FAE04EC0-301F-11D3-BF4B-00C04F79EFBC}") = "ThoughtsAndPrayersThree.Droid", "Droid\ThoughtsAndPrayersThree.Droid.csproj", "{8627EEFC-0C1D-44A3-BCB0-A514A7720B84}"
EndProject
Project("{D954291E-2A0B-460D-934E-DC6B0785DB48}") = "ThoughtsAndPrayersThree.LocalData", "ThoughtsAndPrayersThree.LocalData\ThoughtsAndPrayersThree.LocalData.shproj", "{681DCE9B-08C9-4D61-92E9-C02315B2142C}"
EndProject
Project("{D954291E-2A0B-460D-934E-DC6B0785DB48}") = "ThoughtsAndPrayersThree.CosmosDB", "ThoughtsAndPrayersThree.CosmosDB\ThoughtsAndPrayersThree.CosmosDB.shproj", "{19C6B1BF-6640-4E73-AD6B-19F73A6F2EEF}"
EndProject
Project("{D954291E-2A0B-460D-934E-DC6B0785DB48}") = "ThoughtsAndPrayersThree.Shared", "ThoughtsAndPrayersThree.Shared\ThoughtsAndPrayersThree.Shared.shproj", "{D554739B-61A3-4D65-85DE-6B2C06929343}"
EndProject
Project("{FAE04EC0-301F-11D3-BF4B-00C04F79EFBC}") = "ThoughtsAndPrayersThree.Functions", "ThoughtsAndPrayersThree.Functions\ThoughtsAndPrayersThree.Functions.csproj", "{5F9D13C5-D4CA-40E4-A61F-18462CD47ECC}"
EndProject
Global
	GlobalSection(SharedMSBuildProjectFiles) = preSolution
		ThoughtsAndPrayersThree.CosmosDB\ThoughtsAndPrayersThree.CosmosDB.projitems*{19c6b1bf-6640-4e73-ad6b-19f73a6f2eef}*SharedItemsImports = 13
		ThoughtsAndPrayersThree.LocalData\ThoughtsAndPrayersThree.LocalData.projitems*{681dce9b-08c9-4d61-92e9-c02315b2142c}*SharedItemsImports = 13
		ThoughtsAndPrayersThree.CosmosDB\ThoughtsAndPrayersThree.CosmosDB.projitems*{71c427ff-24ad-4770-bbdd-31d7a71c1534}*SharedItemsImports = 4
		ThoughtsAndPrayersThree.LocalData\ThoughtsAndPrayersThree.LocalData.projitems*{71c427ff-24ad-4770-bbdd-31d7a71c1534}*SharedItemsImports = 4
		ThoughtsAndPrayersThree.Shared\ThoughtsAndPrayersThree.Shared.projitems*{71c427ff-24ad-4770-bbdd-31d7a71c1534}*SharedItemsImports = 4
		ThoughtsAndPrayersThree\ThoughtsAndPrayersThree.projitems*{71c427ff-24ad-4770-bbdd-31d7a71c1534}*SharedItemsImports = 4
		ThoughtsAndPrayersThree.CosmosDB\ThoughtsAndPrayersThree.CosmosDB.projitems*{8627eefc-0c1d-44a3-bcb0-a514a7720b84}*SharedItemsImports = 4
		ThoughtsAndPrayersThree.LocalData\ThoughtsAndPrayersThree.LocalData.projitems*{8627eefc-0c1d-44a3-bcb0-a514a7720b84}*SharedItemsImports = 4
		ThoughtsAndPrayersThree.Shared\ThoughtsAndPrayersThree.Shared.projitems*{8627eefc-0c1d-44a3-bcb0-a514a7720b84}*SharedItemsImports = 4
		ThoughtsAndPrayersThree\ThoughtsAndPrayersThree.projitems*{8627eefc-0c1d-44a3-bcb0-a514a7720b84}*SharedItemsImports = 4
		ThoughtsAndPrayersThree.Shared\ThoughtsAndPrayersThree.Shared.projitems*{d554739b-61a3-4d65-85de-6b2c06929343}*SharedItemsImports = 13
		ThoughtsAndPrayersThree\ThoughtsAndPrayersThree.projitems*{e5f15a26-c1f5-4e22-94e3-7484d84da71f}*SharedItemsImports = 13
	EndGlobalSection
	GlobalSection(SolutionConfigurationPlatforms) = preSolution
		Debug|Any CPU = Debug|Any CPU
		Debug|iPhone = Debug|iPhone
		Debug|iPhoneSimulator = Debug|iPhoneSimulator
		Release|Any CPU = Release|Any CPU
		Release|iPhone = Release|iPhone
		Release|iPhoneSimulator = Release|iPhoneSimulator
	EndGlobalSection
	GlobalSection(ProjectConfigurationPlatforms) = postSolution
		{71C427FF-24AD-4770-BBDD-31D7A71C1534}.Debug|Any CPU.ActiveCfg = Debug|iPhoneSimulator
		{71C427FF-24AD-4770-BBDD-31D7A71C1534}.Debug|Any CPU.Build.0 = Debug|iPhoneSimulator
		{71C427FF-24AD-4770-BBDD-31D7A71C1534}.Debug|iPhone.ActiveCfg = Debug|iPhone
		{71C427FF-24AD-4770-BBDD-31D7A71C1534}.Debug|iPhone.Build.0 = Debug|iPhone
		{71C427FF-24AD-4770-BBDD-31D7A71C1534}.Debug|iPhoneSimulator.ActiveCfg = Debug|iPhoneSimulator
		{71C427FF-24AD-4770-BBDD-31D7A71C1534}.Debug|iPhoneSimulator.Build.0 = Debug|iPhoneSimulator
		{71C427FF-24AD-4770-BBDD-31D7A71C1534}.Release|Any CPU.ActiveCfg = Release|iPhone
		{71C427FF-24AD-4770-BBDD-31D7A71C1534}.Release|Any CPU.Build.0 = Release|iPhone
		{71C427FF-24AD-4770-BBDD-31D7A71C1534}.Release|iPhone.ActiveCfg = Release|iPhone
		{71C427FF-24AD-4770-BBDD-31D7A71C1534}.Release|iPhone.Build.0 = Release|iPhone
		{71C427FF-24AD-4770-BBDD-31D7A71C1534}.Release|iPhoneSimulator.ActiveCfg = Release|iPhoneSimulator
		{71C427FF-24AD-4770-BBDD-31D7A71C1534}.Release|iPhoneSimulator.Build.0 = Release|iPhoneSimulator
		{8627EEFC-0C1D-44A3-BCB0-A514A7720B84}.Debug|Any CPU.ActiveCfg = Debug|Any CPU
		{8627EEFC-0C1D-44A3-BCB0-A514A7720B84}.Debug|Any CPU.Build.0 = Debug|Any CPU
		{8627EEFC-0C1D-44A3-BCB0-A514A7720B84}.Debug|iPhone.ActiveCfg = Debug|Any CPU
		{8627EEFC-0C1D-44A3-BCB0-A514A7720B84}.Debug|iPhone.Build.0 = Debug|Any CPU
		{8627EEFC-0C1D-44A3-BCB0-A514A7720B84}.Debug|iPhoneSimulator.ActiveCfg = Debug|Any CPU
		{8627EEFC-0C1D-44A3-BCB0-A514A7720B84}.Debug|iPhoneSimulator.Build.0 = Debug|Any CPU
		{8627EEFC-0C1D-44A3-BCB0-A514A7720B84}.Release|Any CPU.ActiveCfg = Release|Any CPU
		{8627EEFC-0C1D-44A3-BCB0-A514A7720B84}.Release|Any CPU.Build.0 = Release|Any CPU
		{8627EEFC-0C1D-44A3-BCB0-A514A7720B84}.Release|iPhone.ActiveCfg = Release|Any CPU
		{8627EEFC-0C1D-44A3-BCB0-A514A7720B84}.Release|iPhone.Build.0 = Release|Any CPU
		{8627EEFC-0C1D-44A3-BCB0-A514A7720B84}.Release|iPhoneSimulator.ActiveCfg = Release|Any CPU
		{8627EEFC-0C1D-44A3-BCB0-A514A7720B84}.Release|iPhoneSimulator.Build.0 = Release|Any CPU
		{5F9D13C5-D4CA-40E4-A61F-18462CD47ECC}.Debug|Any CPU.ActiveCfg = Debug|Any CPU
		{5F9D13C5-D4CA-40E4-A61F-18462CD47ECC}.Debug|Any CPU.Build.0 = Debug|Any CPU
		{5F9D13C5-D4CA-40E4-A61F-18462CD47ECC}.Debug|iPhone.ActiveCfg = Debug|Any CPU
		{5F9D13C5-D4CA-40E4-A61F-18462CD47ECC}.Debug|iPhone.Build.0 = Debug|Any CPU
		{5F9D13C5-D4CA-40E4-A61F-18462CD47ECC}.Debug|iPhoneSimulator.ActiveCfg = Debug|Any CPU
		{5F9D13C5-D4CA-40E4-A61F-18462CD47ECC}.Debug|iPhoneSimulator.Build.0 = Debug|Any CPU
		{5F9D13C5-D4CA-40E4-A61F-18462CD47ECC}.Release|Any CPU.ActiveCfg = Release|Any CPU
		{5F9D13C5-D4CA-40E4-A61F-18462CD47ECC}.Release|Any CPU.Build.0 = Release|Any CPU
		{5F9D13C5-D4CA-40E4-A61F-18462CD47ECC}.Release|iPhone.ActiveCfg = Release|Any CPU
		{5F9D13C5-D4CA-40E4-A61F-18462CD47ECC}.Release|iPhone.Build.0 = Release|Any CPU
		{5F9D13C5-D4CA-40E4-A61F-18462CD47ECC}.Release|iPhoneSimulator.ActiveCfg = Release|Any CPU
		{5F9D13C5-D4CA-40E4-A61F-18462CD47ECC}.Release|iPhoneSimulator.Build.0 = Release|Any CPU
	EndGlobalSection
	GlobalSection(SolutionProperties) = preSolution
		HideSolutionNode = FALSE
	EndGlobalSection
	GlobalSection(ExtensibilityGlobals) = postSolution
		SolutionGuid = {74A6BFE3-7C2A-4BC7-A55C-F80373E0BD6D}
	EndGlobalSection
EndGlobal
